
Microsoft Visual Studio Solution File, Format Version 12.00
# Visual Studio 15
VisualStudioVersion = 15.0.27004.2002
MinimumVisualStudioVersion = 10.0.40219.1
Project("{FAE04EC0-301F-11D3-BF4B-00C04F79EFBC}") = "DepartmentUI", "DepartmentUI\DepartmentUI.csproj", "{060D31BF-7284-438F-8A99-38F9E7F5369F}"
EndProject
Global
	GlobalSection(SolutionConfigurationPlatforms) = preSolution
		Debug|Any CPU = Debug|Any CPU
		Release|Any CPU = Release|Any CPU
	EndGlobalSection
	GlobalSection(ProjectConfigurationPlatforms) = postSolution
		{060D31BF-7284-438F-8A99-38F9E7F5369F}.Debug|Any CPU.ActiveCfg = Debug|Any CPU
		{060D31BF-7284-438F-8A99-38F9E7F5369F}.Debug|Any CPU.Build.0 = Debug|Any CPU
		{060D31BF-7284-438F-8A99-38F9E7F5369F}.Release|Any CPU.ActiveCfg = Release|Any CPU
		{060D31BF-7284-438F-8A99-38F9E7F5369F}.Release|Any CPU.Build.0 = Release|Any CPU
	EndGlobalSection
	GlobalSection(SolutionProperties) = preSolution
		HideSolutionNode = FALSE
	EndGlobalSection
	GlobalSection(ExtensibilityGlobals) = postSolution
		SolutionGuid = {F73A375C-4BC7-4D1A-B8C5-9A7CD0E71055}
	EndGlobalSection
EndGlobal
